{
  "name": "nfts",
  "version": "1.0.0",
  "lockfileVersion": 2,
  "requires": true,
  "packages": {
    "": {
      "name": "nfts",
      "version": "1.0.0",
      "license": "ISC",
      "dependencies": {
        "axios": "^0.23.0",
        "form-data-encoder": "^1.6.0",
        "formdata-node": "^4.3.0"
      }
    },
    "node_modules/axios": {
      "version": "0.23.0",
      "resolved": "https://registry.npmjs.org/axios/-/axios-0.23.0.tgz",
      "integrity": "sha512-NmvAE4i0YAv5cKq8zlDoPd1VLKAqX5oLuZKs8xkJa4qi6RGn0uhCYFjWtHHC9EM/MwOwYWOs53W+V0aqEXq1sg==",
      "dependencies": {
        "follow-redirects": "^1.14.4"
      }
    },
    "node_modules/follow-redirects": {
      "version": "1.14.4",
      "resolved": "https://registry.npmjs.org/follow-redirects/-/follow-redirects-1.14.4.tgz",
      "integrity": "sha512-zwGkiSXC1MUJG/qmeIFH2HBJx9u0V46QGUe3YR1fXG8bXQxq7fLj0RjLZQ5nubr9qNJUZrH+xUcwXEoXNpfS+g==",
      "funding": [
        {
          "type": "individual",
          "url": "https://github.com/sponsors/RubenVerborgh"
        }
      ],
      "engines": {
        "node": ">=4.0"
      },
      "peerDependenciesMeta": {
        "debug": {
          "optional": true
        }
      }
    },
    "node_modules/form-data-encoder": {
      "version": "1.6.0",
      "resolved": "https://registry.npmjs.org/form-data-encoder/-/form-data-encoder-1.6.0.tgz",
      "integrity": "sha512-P97AVaOB8hZaniiKK3f46zxQcchQXI8EgBnX+2+719gLv5ZbDSf3J1XtIuAQ8xbGLU4vZYhy7xwhFtK8U5u9Nw=="
    },
    "node_modules/formdata-node": {
      "version": "4.3.0",
      "resolved": "https://registry.npmjs.org/formdata-node/-/formdata-node-4.3.0.tgz",
      "integrity": "sha512-TwqhWUZd2jB5l0kUhhcy1XYNsXq46NH6k60zmiu7xsxMztul+cCMuPSAQrSDV62zznhBKJdA9O+zeWj5i5Pbfg==",
      "dependencies": {
        "node-domexception": "1.0.0",
        "web-streams-polyfill": "4.0.0-beta.1"
      },
      "engines": {
        "node": ">= 12.20"
      }
    },
    "node_modules/node-domexception": {
      "version": "1.0.0",
      "resolved": "https://registry.npmjs.org/node-domexception/-/node-domexception-1.0.0.tgz",
      "integrity": "sha512-/jKZoMpw0F8GRwl4/eLROPA3cfcXtLApP0QzLmUT/HuPCZWyB7IY9ZrMeKw2O/nFIqPQB3PVM9aYm0F312AXDQ==",
      "funding": [
        {
          "type": "github",
          "url": "https://github.com/sponsors/jimmywarting"
        },
        {
          "type": "github",
          "url": "https://paypal.me/jimmywarting"
        }
      ],
      "engines": {
        "node": ">=10.5.0"
      }
    },
    "node_modules/web-streams-polyfill": {
      "version": "4.0.0-beta.1",
      "resolved": "https://registry.npmjs.org/web-streams-polyfill/-/web-streams-polyfill-4.0.0-beta.1.tgz",
      "integrity": "sha512-3ux37gEX670UUphBF9AMCq8XM6iQ8Ac6A+DSRRjDoRBm1ufCkaCDdNVbaqq60PsEkdNlLKrGtv/YBP4EJXqNtQ==",
      "engines": {
        "node": ">= 12"
      }
    }
  },
  "dependencies": {
    "axios": {
      "version": "0.23.0",
      "resolved": "https://registry.npmjs.org/axios/-/axios-0.23.0.tgz",
      "integrity": "sha512-NmvAE4i0YAv5cKq8zlDoPd1VLKAqX5oLuZKs8xkJa4qi6RGn0uhCYFjWtHHC9EM/MwOwYWOs53W+V0aqEXq1sg==",
      "requires": {
        "follow-redirects": "^1.14.4"
      }
    },
    "follow-redirects": {
      "version": "1.14.4",
      "resolved": "https://registry.npmjs.org/follow-redirects/-/follow-redirects-1.14.4.tgz",
      "integrity": "sha512-zwGkiSXC1MUJG/qmeIFH2HBJx9u0V46QGUe3YR1fXG8bXQxq7fLj0RjLZQ5nubr9qNJUZrH+xUcwXEoXNpfS+g=="
    },
    "form-data-encoder": {
      "version": "1.6.0",
      "resolved": "https://registry.npmjs.org/form-data-encoder/-/form-data-encoder-1.6.0.tgz",
      "integrity": "sha512-P97AVaOB8hZaniiKK3f46zxQcchQXI8EgBnX+2+719gLv5ZbDSf3J1XtIuAQ8xbGLU4vZYhy7xwhFtK8U5u9Nw=="
    },
    "formdata-node": {
      "version": "4.3.0",
      "resolved": "https://registry.npmjs.org/formdata-node/-/formdata-node-4.3.0.tgz",
      "integrity": "sha512-TwqhWUZd2jB5l0kUhhcy1XYNsXq46NH6k60zmiu7xsxMztul+cCMuPSAQrSDV62zznhBKJdA9O+zeWj5i5Pbfg==",
      "requires": {
        "node-domexception": "1.0.0",
        "web-streams-polyfill": "4.0.0-beta.1"
      }
    },
    "node-domexception": {
      "version": "1.0.0",
      "resolved": "https://registry.npmjs.org/node-domexception/-/node-domexception-1.0.0.tgz",
      "integrity": "sha512-/jKZoMpw0F8GRwl4/eLROPA3cfcXtLApP0QzLmUT/HuPCZWyB7IY9ZrMeKw2O/nFIqPQB3PVM9aYm0F312AXDQ=="
    },
    "web-streams-polyfill": {
      "version": "4.0.0-beta.1",
      "resolved": "https://registry.npmjs.org/web-streams-polyfill/-/web-streams-polyfill-4.0.0-beta.1.tgz",
      "integrity": "sha512-3ux37gEX670UUphBF9AMCq8XM6iQ8Ac6A+DSRRjDoRBm1ufCkaCDdNVbaqq60PsEkdNlLKrGtv/YBP4EJXqNtQ=="
    }
  }
}
